
Microsoft Visual Studio Solution File, Format Version 12.00
Project("{FAE04EC0-301F-11D3-BF4B-00C04F79EFBC}") = "Material.Music", "Material.Music\Material.Music.csproj", "{20C03151-0567-4EAC-AD69-0134779C6D43}"
EndProject
Project("{FAE04EC0-301F-11D3-BF4B-00C04F79EFBC}") = "Material.Avalonia", ".\material.avalonia\Material.Avalonia\Material.Avalonia.csproj", "{C85F2E2A-FBCF-4EE6-8728-43AEAFBF1F3D}"
EndProject
Project("{FAE04EC0-301F-11D3-BF4B-00C04F79EFBC}") = "Material.Dialog", ".\material.avalonia\Material.Dialog\Material.Dialog.csproj", "{39372D2B-3345-40D7-891D-39D1A5D708F3}"
EndProject
Project("{FAE04EC0-301F-11D3-BF4B-00C04F79EFBC}") = "Material.Styles", "material.avalonia\Material.Styles\Material.Styles.csproj", "{5B451FCB-3466-43B1-85AB-9AEE7D115983}"
EndProject
Project("{FAE04EC0-301F-11D3-BF4B-00C04F79EFBC}") = "Material.Colors", "material.avalonia\Material.Colors\Material.Colors.csproj", "{31D1DC6B-752D-461F-B2CC-219F876D3273}"
EndProject
Project("{FAE04EC0-301F-11D3-BF4B-00C04F79EFBC}") = "Material.Ripple", "material.avalonia\Material.Ripple\Material.Ripple.csproj", "{FBCD5354-3441-4700-BEDC-F9F5E2DAD7C7}"
EndProject
Global
	GlobalSection(SolutionConfigurationPlatforms) = preSolution
		Debug|Any CPU = Debug|Any CPU
		Release|Any CPU = Release|Any CPU
	EndGlobalSection
	GlobalSection(ProjectConfigurationPlatforms) = postSolution
		{20C03151-0567-4EAC-AD69-0134779C6D43}.Debug|Any CPU.ActiveCfg = Debug|Any CPU
		{20C03151-0567-4EAC-AD69-0134779C6D43}.Debug|Any CPU.Build.0 = Debug|Any CPU
		{20C03151-0567-4EAC-AD69-0134779C6D43}.Release|Any CPU.ActiveCfg = Release|Any CPU
		{20C03151-0567-4EAC-AD69-0134779C6D43}.Release|Any CPU.Build.0 = Release|Any CPU
		{C85F2E2A-FBCF-4EE6-8728-43AEAFBF1F3D}.Debug|Any CPU.ActiveCfg = Debug|Any CPU
		{C85F2E2A-FBCF-4EE6-8728-43AEAFBF1F3D}.Debug|Any CPU.Build.0 = Debug|Any CPU
		{C85F2E2A-FBCF-4EE6-8728-43AEAFBF1F3D}.Release|Any CPU.ActiveCfg = Release|Any CPU
		{C85F2E2A-FBCF-4EE6-8728-43AEAFBF1F3D}.Release|Any CPU.Build.0 = Release|Any CPU
		{39372D2B-3345-40D7-891D-39D1A5D708F3}.Debug|Any CPU.ActiveCfg = Debug|Any CPU
		{39372D2B-3345-40D7-891D-39D1A5D708F3}.Debug|Any CPU.Build.0 = Debug|Any CPU
		{39372D2B-3345-40D7-891D-39D1A5D708F3}.Release|Any CPU.ActiveCfg = Release|Any CPU
		{39372D2B-3345-40D7-891D-39D1A5D708F3}.Release|Any CPU.Build.0 = Release|Any CPU
		{5B451FCB-3466-43B1-85AB-9AEE7D115983}.Debug|Any CPU.ActiveCfg = Debug|Any CPU
		{5B451FCB-3466-43B1-85AB-9AEE7D115983}.Debug|Any CPU.Build.0 = Debug|Any CPU
		{5B451FCB-3466-43B1-85AB-9AEE7D115983}.Release|Any CPU.ActiveCfg = Release|Any CPU
		{5B451FCB-3466-43B1-85AB-9AEE7D115983}.Release|Any CPU.Build.0 = Release|Any CPU
		{31D1DC6B-752D-461F-B2CC-219F876D3273}.Debug|Any CPU.ActiveCfg = Debug|Any CPU
		{31D1DC6B-752D-461F-B2CC-219F876D3273}.Debug|Any CPU.Build.0 = Debug|Any CPU
		{31D1DC6B-752D-461F-B2CC-219F876D3273}.Release|Any CPU.ActiveCfg = Release|Any CPU
		{31D1DC6B-752D-461F-B2CC-219F876D3273}.Release|Any CPU.Build.0 = Release|Any CPU
		{FBCD5354-3441-4700-BEDC-F9F5E2DAD7C7}.Debug|Any CPU.ActiveCfg = Debug|Any CPU
		{FBCD5354-3441-4700-BEDC-F9F5E2DAD7C7}.Debug|Any CPU.Build.0 = Debug|Any CPU
		{FBCD5354-3441-4700-BEDC-F9F5E2DAD7C7}.Release|Any CPU.ActiveCfg = Release|Any CPU
		{FBCD5354-3441-4700-BEDC-F9F5E2DAD7C7}.Release|Any CPU.Build.0 = Release|Any CPU
	EndGlobalSection
EndGlobal
